
Microsoft Visual Studio Solution File, Format Version 12.00
# Visual Studio Version 17
VisualStudioVersion = 17.1.31911.260
MinimumVisualStudioVersion = 10.0.40219.1
Project("{FAE04EC0-301F-11D3-BF4B-00C04F79EFBC}") = "BlazorWasmStandaloneAuthCTI.Server", "BlazorWasmStandaloneAuthCTI\Server\BlazorWasmStandaloneAuthCTI.Server.csproj", "{98CE0614-AC4E-4459-84A6-34BFBB229537}"
EndProject
Project("{FAE04EC0-301F-11D3-BF4B-00C04F79EFBC}") = "BlazorWasmStandaloneAuthCTI.Client", "BlazorWasmStandaloneAuthCTI\Client\BlazorWasmStandaloneAuthCTI.Client.csproj", "{C5EBE7E3-64F9-48AA-873C-5E62586C4965}"
EndProject
Project("{FAE04EC0-301F-11D3-BF4B-00C04F79EFBC}") = "BlazorWasmStandaloneAuthCTI.Shared", "BlazorWasmStandaloneAuthCTI\Shared\BlazorWasmStandaloneAuthCTI.Shared.csproj", "{9DCD30BA-8C73-4875-A8A0-741B8ED81B62}"
EndProject
Global
	GlobalSection(SolutionConfigurationPlatforms) = preSolution
		Debug|Any CPU = Debug|Any CPU
		Release|Any CPU = Release|Any CPU
	EndGlobalSection
	GlobalSection(ProjectConfigurationPlatforms) = postSolution
		{98CE0614-AC4E-4459-84A6-34BFBB229537}.Debug|Any CPU.ActiveCfg = Debug|Any CPU
		{98CE0614-AC4E-4459-84A6-34BFBB229537}.Debug|Any CPU.Build.0 = Debug|Any CPU
		{98CE0614-AC4E-4459-84A6-34BFBB229537}.Release|Any CPU.ActiveCfg = Release|Any CPU
		{98CE0614-AC4E-4459-84A6-34BFBB229537}.Release|Any CPU.Build.0 = Release|Any CPU
		{C5EBE7E3-64F9-48AA-873C-5E62586C4965}.Debug|Any CPU.ActiveCfg = Debug|Any CPU
		{C5EBE7E3-64F9-48AA-873C-5E62586C4965}.Debug|Any CPU.Build.0 = Debug|Any CPU
		{C5EBE7E3-64F9-48AA-873C-5E62586C4965}.Release|Any CPU.ActiveCfg = Release|Any CPU
		{C5EBE7E3-64F9-48AA-873C-5E62586C4965}.Release|Any CPU.Build.0 = Release|Any CPU
		{9DCD30BA-8C73-4875-A8A0-741B8ED81B62}.Debug|Any CPU.ActiveCfg = Debug|Any CPU
		{9DCD30BA-8C73-4875-A8A0-741B8ED81B62}.Debug|Any CPU.Build.0 = Debug|Any CPU
		{9DCD30BA-8C73-4875-A8A0-741B8ED81B62}.Release|Any CPU.ActiveCfg = Release|Any CPU
		{9DCD30BA-8C73-4875-A8A0-741B8ED81B62}.Release|Any CPU.Build.0 = Release|Any CPU
	EndGlobalSection
	GlobalSection(SolutionProperties) = preSolution
		HideSolutionNode = FALSE
	EndGlobalSection
	GlobalSection(ExtensibilityGlobals) = postSolution
		SolutionGuid = {BEB37159-7BFD-47E0-9D2B-5778FE8CD8CA}
	EndGlobalSection
EndGlobal
